
Microsoft Visual Studio Solution File, Format Version 12.00
# Visual Studio 15
VisualStudioVersion = 15.0.26124.0
MinimumVisualStudioVersion = 15.0.26124.0
Project("{2150E333-8FDC-42A3-9474-1A3956D46DE8}") = "src", "src", "{FA51CCB7-2039-479C-8344-69B0A353F6D2}"
EndProject
Project("{FAE04EC0-301F-11D3-BF4B-00C04F79EFBC}") = "Pacco.Web", "src\Pacco.Web\Pacco.Web.csproj", "{40099155-DD30-426C-8821-7F2FFEDF9236}"
EndProject
Global
	GlobalSection(SolutionConfigurationPlatforms) = preSolution
		Debug|Any CPU = Debug|Any CPU
		Debug|x64 = Debug|x64
		Debug|x86 = Debug|x86
		Release|Any CPU = Release|Any CPU
		Release|x64 = Release|x64
		Release|x86 = Release|x86
	EndGlobalSection
	GlobalSection(SolutionProperties) = preSolution
		HideSolutionNode = FALSE
	EndGlobalSection
	GlobalSection(ProjectConfigurationPlatforms) = postSolution
		{40099155-DD30-426C-8821-7F2FFEDF9236}.Debug|Any CPU.ActiveCfg = Debug|Any CPU
		{40099155-DD30-426C-8821-7F2FFEDF9236}.Debug|Any CPU.Build.0 = Debug|Any CPU
		{40099155-DD30-426C-8821-7F2FFEDF9236}.Debug|x64.ActiveCfg = Debug|Any CPU
		{40099155-DD30-426C-8821-7F2FFEDF9236}.Debug|x64.Build.0 = Debug|Any CPU
		{40099155-DD30-426C-8821-7F2FFEDF9236}.Debug|x86.ActiveCfg = Debug|Any CPU
		{40099155-DD30-426C-8821-7F2FFEDF9236}.Debug|x86.Build.0 = Debug|Any CPU
		{40099155-DD30-426C-8821-7F2FFEDF9236}.Release|Any CPU.ActiveCfg = Release|Any CPU
		{40099155-DD30-426C-8821-7F2FFEDF9236}.Release|Any CPU.Build.0 = Release|Any CPU
		{40099155-DD30-426C-8821-7F2FFEDF9236}.Release|x64.ActiveCfg = Release|Any CPU
		{40099155-DD30-426C-8821-7F2FFEDF9236}.Release|x64.Build.0 = Release|Any CPU
		{40099155-DD30-426C-8821-7F2FFEDF9236}.Release|x86.ActiveCfg = Release|Any CPU
		{40099155-DD30-426C-8821-7F2FFEDF9236}.Release|x86.Build.0 = Release|Any CPU
	EndGlobalSection
	GlobalSection(NestedProjects) = preSolution
		{40099155-DD30-426C-8821-7F2FFEDF9236} = {FA51CCB7-2039-479C-8344-69B0A353F6D2}
	EndGlobalSection
EndGlobal
